
Microsoft Visual Studio Solution File, Format Version 12.00
# Visual Studio Version 16
VisualStudioVersion = 16.0.29324.140
MinimumVisualStudioVersion = 10.0.40219.1
Project("{FAE04EC0-301F-11D3-BF4B-00C04F79EFBC}") = "apiBKRFID", "apiBKRFID\apiBKRFID.csproj", "{1EAF16D7-BDE6-43B9-88C6-266000A567BB}"
EndProject
Project("{FAE04EC0-301F-11D3-BF4B-00C04F79EFBC}") = "apiBKRFID.Tests", "apiBKRFID.Tests\apiBKRFID.Tests.csproj", "{1273B11A-013A-4D37-940D-AE22A131034A}"
EndProject
Global
	GlobalSection(SolutionConfigurationPlatforms) = preSolution
		Debug|Any CPU = Debug|Any CPU
		Release|Any CPU = Release|Any CPU
	EndGlobalSection
	GlobalSection(ProjectConfigurationPlatforms) = postSolution
		{1EAF16D7-BDE6-43B9-88C6-266000A567BB}.Debug|Any CPU.ActiveCfg = Debug|Any CPU
		{1EAF16D7-BDE6-43B9-88C6-266000A567BB}.Debug|Any CPU.Build.0 = Debug|Any CPU
		{1EAF16D7-BDE6-43B9-88C6-266000A567BB}.Release|Any CPU.ActiveCfg = Release|Any CPU
		{1EAF16D7-BDE6-43B9-88C6-266000A567BB}.Release|Any CPU.Build.0 = Release|Any CPU
		{1273B11A-013A-4D37-940D-AE22A131034A}.Debug|Any CPU.ActiveCfg = Debug|Any CPU
		{1273B11A-013A-4D37-940D-AE22A131034A}.Debug|Any CPU.Build.0 = Debug|Any CPU
		{1273B11A-013A-4D37-940D-AE22A131034A}.Release|Any CPU.ActiveCfg = Release|Any CPU
		{1273B11A-013A-4D37-940D-AE22A131034A}.Release|Any CPU.Build.0 = Release|Any CPU
	EndGlobalSection
	GlobalSection(SolutionProperties) = preSolution
		HideSolutionNode = FALSE
	EndGlobalSection
	GlobalSection(ExtensibilityGlobals) = postSolution
		SolutionGuid = {7D4B05CC-D41F-458A-A2FF-8D891E9B61FA}
	EndGlobalSection
EndGlobal
